
Microsoft Visual Studio Solution File, Format Version 12.00
# Visual Studio 15
VisualStudioVersion = 15.0.28307.2092
MinimumVisualStudioVersion = 10.0.40219.1
Project("{FAE04EC0-301F-11D3-BF4B-00C04F79EFBC}") = "ServerApp", "ServerApp\ServerApp.csproj", "{8BF9C85C-3329-428A-9826-B256C447341C}"
EndProject
Project("{FAE04EC0-301F-11D3-BF4B-00C04F79EFBC}") = "ClientsApp", "ClientsApp\ClientsApp.csproj", "{C3DB7A0A-1546-49E7-9DF6-CFB218593FEE}"
EndProject
Project("{FAE04EC0-301F-11D3-BF4B-00C04F79EFBC}") = "NodeInfo", "NodeInfo\NodeInfo.csproj", "{C3AFC097-D5D8-4672-8E1D-C3FCF50DC006}"
EndProject
Project("{FAE04EC0-301F-11D3-BF4B-00C04F79EFBC}") = "TestRand", "TestRand\TestRand.csproj", "{7DA86186-1C12-48EA-9933-0F5073BF954F}"
EndProject
Project("{FAE04EC0-301F-11D3-BF4B-00C04F79EFBC}") = "ns.graph", "ns.graph\ns.graph.csproj", "{3BB25AF9-D67F-43FC-B847-DE4823BAE804}"
EndProject
Project("{FAE04EC0-301F-11D3-BF4B-00C04F79EFBC}") = "ns.wrsn", "ns.wrsn\ns.wrsn.csproj", "{EE923E3D-1655-4CB0-B44B-ABE7B5A2F649}"
EndProject
Project("{FAE04EC0-301F-11D3-BF4B-00C04F79EFBC}") = "TSCA_Paper", "TSCA_Paper\TSCA_Paper.csproj", "{63BA5CCC-C7FF-4E1D-98E7-ABD53798ABBE}"
EndProject
Project("{FAE04EC0-301F-11D3-BF4B-00C04F79EFBC}") = "WRSNModuleBase", "WRSNModuleBase\WRSNModuleBase.csproj", "{17DE4FDC-5CEE-445D-A293-0F0374FFB47F}"
EndProject
Project("{FAE04EC0-301F-11D3-BF4B-00C04F79EFBC}") = "NJNP", "NJNP\NJNP.csproj", "{03B9E1F5-2F5F-4E4F-A5C2-4462C0A19FC7}"
EndProject
Project("{FAE04EC0-301F-11D3-BF4B-00C04F79EFBC}") = "Nayab", "Nayab\Nayab.csproj", "{3CFA4A4D-A64A-4DF0-9BA6-2ED1916E616E}"
EndProject
Project("{FAE04EC0-301F-11D3-BF4B-00C04F79EFBC}") = "mTs", "mTs\mTs.csproj", "{24CC8572-E3E3-43ED-A008-2FFDF79A2B35}"
EndProject
Project("{FAE04EC0-301F-11D3-BF4B-00C04F79EFBC}") = "NPDC", "NPDC\NPDC.csproj", "{3E191FA1-DDE6-487A-84AE-84EE42B59C7A}"
EndProject
Project("{FAE04EC0-301F-11D3-BF4B-00C04F79EFBC}") = "UAV_App", "UAV_App\UAV_App.csproj", "{9D3A44C6-9348-4EF5-9BE2-4B32105D7571}"
EndProject
Project("{FAE04EC0-301F-11D3-BF4B-00C04F79EFBC}") = "ServerSide", "..\ServerSide\ServerSide.csproj", "{016E5115-8F33-4848-946F-2252EDF0E132}"
EndProject
Global
	GlobalSection(SolutionConfigurationPlatforms) = preSolution
		Debug|Any CPU = Debug|Any CPU
		Release|Any CPU = Release|Any CPU
	EndGlobalSection
	GlobalSection(ProjectConfigurationPlatforms) = postSolution
		{8BF9C85C-3329-428A-9826-B256C447341C}.Debug|Any CPU.ActiveCfg = Debug|Any CPU
		{8BF9C85C-3329-428A-9826-B256C447341C}.Debug|Any CPU.Build.0 = Debug|Any CPU
		{8BF9C85C-3329-428A-9826-B256C447341C}.Release|Any CPU.ActiveCfg = Release|Any CPU
		{8BF9C85C-3329-428A-9826-B256C447341C}.Release|Any CPU.Build.0 = Release|Any CPU
		{C3DB7A0A-1546-49E7-9DF6-CFB218593FEE}.Debug|Any CPU.ActiveCfg = Debug|Any CPU
		{C3DB7A0A-1546-49E7-9DF6-CFB218593FEE}.Debug|Any CPU.Build.0 = Debug|Any CPU
		{C3DB7A0A-1546-49E7-9DF6-CFB218593FEE}.Release|Any CPU.ActiveCfg = Release|Any CPU
		{C3DB7A0A-1546-49E7-9DF6-CFB218593FEE}.Release|Any CPU.Build.0 = Release|Any CPU
		{C3AFC097-D5D8-4672-8E1D-C3FCF50DC006}.Debug|Any CPU.ActiveCfg = Debug|Any CPU
		{C3AFC097-D5D8-4672-8E1D-C3FCF50DC006}.Debug|Any CPU.Build.0 = Debug|Any CPU
		{C3AFC097-D5D8-4672-8E1D-C3FCF50DC006}.Release|Any CPU.ActiveCfg = Release|Any CPU
		{C3AFC097-D5D8-4672-8E1D-C3FCF50DC006}.Release|Any CPU.Build.0 = Release|Any CPU
		{7DA86186-1C12-48EA-9933-0F5073BF954F}.Debug|Any CPU.ActiveCfg = Debug|Any CPU
		{7DA86186-1C12-48EA-9933-0F5073BF954F}.Debug|Any CPU.Build.0 = Debug|Any CPU
		{7DA86186-1C12-48EA-9933-0F5073BF954F}.Release|Any CPU.ActiveCfg = Release|Any CPU
		{7DA86186-1C12-48EA-9933-0F5073BF954F}.Release|Any CPU.Build.0 = Release|Any CPU
		{3BB25AF9-D67F-43FC-B847-DE4823BAE804}.Debug|Any CPU.ActiveCfg = Debug|Any CPU
		{3BB25AF9-D67F-43FC-B847-DE4823BAE804}.Debug|Any CPU.Build.0 = Debug|Any CPU
		{3BB25AF9-D67F-43FC-B847-DE4823BAE804}.Release|Any CPU.ActiveCfg = Release|Any CPU
		{3BB25AF9-D67F-43FC-B847-DE4823BAE804}.Release|Any CPU.Build.0 = Release|Any CPU
		{EE923E3D-1655-4CB0-B44B-ABE7B5A2F649}.Debug|Any CPU.ActiveCfg = Debug|Any CPU
		{EE923E3D-1655-4CB0-B44B-ABE7B5A2F649}.Debug|Any CPU.Build.0 = Debug|Any CPU
		{EE923E3D-1655-4CB0-B44B-ABE7B5A2F649}.Release|Any CPU.ActiveCfg = Release|Any CPU
		{EE923E3D-1655-4CB0-B44B-ABE7B5A2F649}.Release|Any CPU.Build.0 = Release|Any CPU
		{63BA5CCC-C7FF-4E1D-98E7-ABD53798ABBE}.Debug|Any CPU.ActiveCfg = Debug|Any CPU
		{63BA5CCC-C7FF-4E1D-98E7-ABD53798ABBE}.Debug|Any CPU.Build.0 = Debug|Any CPU
		{63BA5CCC-C7FF-4E1D-98E7-ABD53798ABBE}.Release|Any CPU.ActiveCfg = Release|Any CPU
		{63BA5CCC-C7FF-4E1D-98E7-ABD53798ABBE}.Release|Any CPU.Build.0 = Release|Any CPU
		{17DE4FDC-5CEE-445D-A293-0F0374FFB47F}.Debug|Any CPU.ActiveCfg = Debug|Any CPU
		{17DE4FDC-5CEE-445D-A293-0F0374FFB47F}.Debug|Any CPU.Build.0 = Debug|Any CPU
		{17DE4FDC-5CEE-445D-A293-0F0374FFB47F}.Release|Any CPU.ActiveCfg = Release|Any CPU
		{17DE4FDC-5CEE-445D-A293-0F0374FFB47F}.Release|Any CPU.Build.0 = Release|Any CPU
		{03B9E1F5-2F5F-4E4F-A5C2-4462C0A19FC7}.Debug|Any CPU.ActiveCfg = Debug|Any CPU
		{03B9E1F5-2F5F-4E4F-A5C2-4462C0A19FC7}.Debug|Any CPU.Build.0 = Debug|Any CPU
		{03B9E1F5-2F5F-4E4F-A5C2-4462C0A19FC7}.Release|Any CPU.ActiveCfg = Release|Any CPU
		{03B9E1F5-2F5F-4E4F-A5C2-4462C0A19FC7}.Release|Any CPU.Build.0 = Release|Any CPU
		{3CFA4A4D-A64A-4DF0-9BA6-2ED1916E616E}.Debug|Any CPU.ActiveCfg = Debug|Any CPU
		{3CFA4A4D-A64A-4DF0-9BA6-2ED1916E616E}.Debug|Any CPU.Build.0 = Debug|Any CPU
		{3CFA4A4D-A64A-4DF0-9BA6-2ED1916E616E}.Release|Any CPU.ActiveCfg = Release|Any CPU
		{3CFA4A4D-A64A-4DF0-9BA6-2ED1916E616E}.Release|Any CPU.Build.0 = Release|Any CPU
		{24CC8572-E3E3-43ED-A008-2FFDF79A2B35}.Debug|Any CPU.ActiveCfg = Debug|Any CPU
		{24CC8572-E3E3-43ED-A008-2FFDF79A2B35}.Debug|Any CPU.Build.0 = Debug|Any CPU
		{24CC8572-E3E3-43ED-A008-2FFDF79A2B35}.Release|Any CPU.ActiveCfg = Release|Any CPU
		{24CC8572-E3E3-43ED-A008-2FFDF79A2B35}.Release|Any CPU.Build.0 = Release|Any CPU
		{3E191FA1-DDE6-487A-84AE-84EE42B59C7A}.Debug|Any CPU.ActiveCfg = Debug|Any CPU
		{3E191FA1-DDE6-487A-84AE-84EE42B59C7A}.Debug|Any CPU.Build.0 = Debug|Any CPU
		{3E191FA1-DDE6-487A-84AE-84EE42B59C7A}.Release|Any CPU.ActiveCfg = Release|Any CPU
		{3E191FA1-DDE6-487A-84AE-84EE42B59C7A}.Release|Any CPU.Build.0 = Release|Any CPU
		{9D3A44C6-9348-4EF5-9BE2-4B32105D7571}.Debug|Any CPU.ActiveCfg = Debug|Any CPU
		{9D3A44C6-9348-4EF5-9BE2-4B32105D7571}.Debug|Any CPU.Build.0 = Debug|Any CPU
		{9D3A44C6-9348-4EF5-9BE2-4B32105D7571}.Release|Any CPU.ActiveCfg = Release|Any CPU
		{9D3A44C6-9348-4EF5-9BE2-4B32105D7571}.Release|Any CPU.Build.0 = Release|Any CPU
		{016E5115-8F33-4848-946F-2252EDF0E132}.Debug|Any CPU.ActiveCfg = Debug|Any CPU
		{016E5115-8F33-4848-946F-2252EDF0E132}.Debug|Any CPU.Build.0 = Debug|Any CPU
		{016E5115-8F33-4848-946F-2252EDF0E132}.Release|Any CPU.ActiveCfg = Release|Any CPU
		{016E5115-8F33-4848-946F-2252EDF0E132}.Release|Any CPU.Build.0 = Release|Any CPU
	EndGlobalSection
	GlobalSection(SolutionProperties) = preSolution
		HideSolutionNode = FALSE
	EndGlobalSection
	GlobalSection(ExtensibilityGlobals) = postSolution
		SolutionGuid = {E6A83C4F-F8F4-412F-8970-B8DECA7DA817}
	EndGlobalSection
EndGlobal
